# THIS IS AN AUTOGENERATED FILE. DO NOT EDIT THIS FILE DIRECTLY.
# yarn lockfile v1


axios@^0.18.0:
  version "0.18.0"
  resolved "https://registry.npmjs.org/axios/-/axios-0.18.0.tgz#32d53e4851efdc0a11993b6cd000789d70c05102"
  dependencies:
    follow-redirects "^1.3.0"
    is-buffer "^1.1.5"

follow-redirects@^1.3.0:
  version "1.14.8"
  resolved "https://registry.yarnpkg.com/follow-redirects/-/follow-redirects-1.14.8.tgz#016996fb9a11a100566398b1c6839337d7bfa8fc"

is-buffer@^1.1.5:
  version "1.1.6"
  resolved "https://registry.npmjs.org/is-buffer/-/is-buffer-1.1.6.tgz#efaa2ea9daa0d7ab2ea13a97b2b8ad51fefbe8be"

net4j-log-plugin@^1.0.11:
  version "1.0.11"
  resolved "https://registry.npmjs.org/net4j-log-plugin/-/net4j-log-plugin-1.0.11.tgz#9187dad69b2d609741c33d86060e6e08392931a1"
  dependencies:
    net4j "^1.1.8"

net4j@^1.1.8, net4j@latest:
  version "1.1.9"
  resolved "https://registry.npmjs.org/net4j/-/net4j-1.1.9.tgz#ef9082f92df40e8245efe7801639125ddb11c558"
  dependencies:
    axios "^0.18.0"
    net4j-log-plugin "^1.0.11"

qs@^6.7.0:
  version "6.7.0"
  resolved "http://r.npm.sankuai.com/qs/download/qs-6.7.0.tgz#41dc1a015e3d581f1621776be31afb2876a9b1bc"
